
Microsoft Visual Studio Solution File, Format Version 12.00
# Visual Studio Version 17
VisualStudioVersion = 17.2.32630.192
MinimumVisualStudioVersion = 10.0.40219.1
Project("{FAE04EC0-301F-11D3-BF4B-00C04F79EFBC}") = "prac_Q4_checkedlist_box control_29Aug", "prac_Q4_checkedlist_box control_29Aug\prac_Q4_checkedlist_box control_29Aug.csproj", "{3A2D7518-F79C-4BE3-9A59-3B9EDC6BE9B8}"
EndProject
Global
	GlobalSection(SolutionConfigurationPlatforms) = preSolution
		Debug|Any CPU = Debug|Any CPU
		Release|Any CPU = Release|Any CPU
	EndGlobalSection
	GlobalSection(ProjectConfigurationPlatforms) = postSolution
		{3A2D7518-F79C-4BE3-9A59-3B9EDC6BE9B8}.Debug|Any CPU.ActiveCfg = Debug|Any CPU
		{3A2D7518-F79C-4BE3-9A59-3B9EDC6BE9B8}.Debug|Any CPU.Build.0 = Debug|Any CPU
		{3A2D7518-F79C-4BE3-9A59-3B9EDC6BE9B8}.Release|Any CPU.ActiveCfg = Release|Any CPU
		{3A2D7518-F79C-4BE3-9A59-3B9EDC6BE9B8}.Release|Any CPU.Build.0 = Release|Any CPU
	EndGlobalSection
	GlobalSection(SolutionProperties) = preSolution
		HideSolutionNode = FALSE
	EndGlobalSection
	GlobalSection(ExtensibilityGlobals) = postSolution
		SolutionGuid = {EABEDC90-B8D4-4C63-B1CA-C5C30E499AC9}
	EndGlobalSection
EndGlobal
