
Microsoft Visual Studio Solution File, Format Version 12.00
# Visual Studio Version 17
VisualStudioVersion = 17.2.32630.192
MinimumVisualStudioVersion = 10.0.40219.1
Project("{FAE04EC0-301F-11D3-BF4B-00C04F79EFBC}") = "Ass Q3 add class 25Aug", "Ass Q3 add class 25Aug\Ass Q3 add class 25Aug.csproj", "{39B9C88E-6751-438E-82EB-B367E26E51DE}"
EndProject
Global
	GlobalSection(SolutionConfigurationPlatforms) = preSolution
		Debug|Any CPU = Debug|Any CPU
		Release|Any CPU = Release|Any CPU
	EndGlobalSection
	GlobalSection(ProjectConfigurationPlatforms) = postSolution
		{39B9C88E-6751-438E-82EB-B367E26E51DE}.Debug|Any CPU.ActiveCfg = Debug|Any CPU
		{39B9C88E-6751-438E-82EB-B367E26E51DE}.Debug|Any CPU.Build.0 = Debug|Any CPU
		{39B9C88E-6751-438E-82EB-B367E26E51DE}.Release|Any CPU.ActiveCfg = Release|Any CPU
		{39B9C88E-6751-438E-82EB-B367E26E51DE}.Release|Any CPU.Build.0 = Release|Any CPU
	EndGlobalSection
	GlobalSection(SolutionProperties) = preSolution
		HideSolutionNode = FALSE
	EndGlobalSection
	GlobalSection(ExtensibilityGlobals) = postSolution
		SolutionGuid = {65F54E84-7F41-49F9-9726-EF02B8E60067}
	EndGlobalSection
EndGlobal
