
Microsoft Visual Studio Solution File, Format Version 12.00
# Visual Studio Version 17
VisualStudioVersion = 17.2.32630.192
MinimumVisualStudioVersion = 10.0.40219.1
Project("{FAE04EC0-301F-11D3-BF4B-00C04F79EFBC}") = "prac Q8 MonthCalender Control 22Aug", "prac Q8 MonthCalender Control 22Aug\prac Q8 MonthCalender Control 22Aug.csproj", "{B75CFE25-EAE4-4CD8-9677-3D991ACD95DB}"
EndProject
Global
	GlobalSection(SolutionConfigurationPlatforms) = preSolution
		Debug|Any CPU = Debug|Any CPU
		Release|Any CPU = Release|Any CPU
	EndGlobalSection
	GlobalSection(ProjectConfigurationPlatforms) = postSolution
		{B75CFE25-EAE4-4CD8-9677-3D991ACD95DB}.Debug|Any CPU.ActiveCfg = Debug|Any CPU
		{B75CFE25-EAE4-4CD8-9677-3D991ACD95DB}.Debug|Any CPU.Build.0 = Debug|Any CPU
		{B75CFE25-EAE4-4CD8-9677-3D991ACD95DB}.Release|Any CPU.ActiveCfg = Release|Any CPU
		{B75CFE25-EAE4-4CD8-9677-3D991ACD95DB}.Release|Any CPU.Build.0 = Release|Any CPU
	EndGlobalSection
	GlobalSection(SolutionProperties) = preSolution
		HideSolutionNode = FALSE
	EndGlobalSection
	GlobalSection(ExtensibilityGlobals) = postSolution
		SolutionGuid = {12096A2B-C5E4-4C3E-931E-BC87B46F1CBF}
	EndGlobalSection
EndGlobal
