
Microsoft Visual Studio Solution File, Format Version 12.00
# Visual Studio Version 17
VisualStudioVersion = 17.2.32630.192
MinimumVisualStudioVersion = 10.0.40219.1
Project("{FAE04EC0-301F-11D3-BF4B-00C04F79EFBC}") = "prac Q1 single dim Array 23Aug", "prac Q1 single dim Array 23Aug\prac Q1 single dim Array 23Aug.csproj", "{8F944D03-8AA6-49C1-9576-261E06C57BF2}"
EndProject
Global
	GlobalSection(SolutionConfigurationPlatforms) = preSolution
		Debug|Any CPU = Debug|Any CPU
		Release|Any CPU = Release|Any CPU
	EndGlobalSection
	GlobalSection(ProjectConfigurationPlatforms) = postSolution
		{8F944D03-8AA6-49C1-9576-261E06C57BF2}.Debug|Any CPU.ActiveCfg = Debug|Any CPU
		{8F944D03-8AA6-49C1-9576-261E06C57BF2}.Debug|Any CPU.Build.0 = Debug|Any CPU
		{8F944D03-8AA6-49C1-9576-261E06C57BF2}.Release|Any CPU.ActiveCfg = Release|Any CPU
		{8F944D03-8AA6-49C1-9576-261E06C57BF2}.Release|Any CPU.Build.0 = Release|Any CPU
	EndGlobalSection
	GlobalSection(SolutionProperties) = preSolution
		HideSolutionNode = FALSE
	EndGlobalSection
	GlobalSection(ExtensibilityGlobals) = postSolution
		SolutionGuid = {9DA324A9-DDBF-40CD-A565-21343C0EF51F}
	EndGlobalSection
EndGlobal
