
Microsoft Visual Studio Solution File, Format Version 12.00
# Visual Studio Version 17
VisualStudioVersion = 17.2.32630.192
MinimumVisualStudioVersion = 10.0.40219.1
Project("{FAE04EC0-301F-11D3-BF4B-00C04F79EFBC}") = "prac Q1 panel control 29Aug", "prac Q1 panel control 29Aug\prac Q1 panel control 29Aug.csproj", "{B7D17F5B-AC7F-412B-B1D7-2B92AF8223C0}"
EndProject
Global
	GlobalSection(SolutionConfigurationPlatforms) = preSolution
		Debug|Any CPU = Debug|Any CPU
		Release|Any CPU = Release|Any CPU
	EndGlobalSection
	GlobalSection(ProjectConfigurationPlatforms) = postSolution
		{B7D17F5B-AC7F-412B-B1D7-2B92AF8223C0}.Debug|Any CPU.ActiveCfg = Debug|Any CPU
		{B7D17F5B-AC7F-412B-B1D7-2B92AF8223C0}.Debug|Any CPU.Build.0 = Debug|Any CPU
		{B7D17F5B-AC7F-412B-B1D7-2B92AF8223C0}.Release|Any CPU.ActiveCfg = Release|Any CPU
		{B7D17F5B-AC7F-412B-B1D7-2B92AF8223C0}.Release|Any CPU.Build.0 = Release|Any CPU
	EndGlobalSection
	GlobalSection(SolutionProperties) = preSolution
		HideSolutionNode = FALSE
	EndGlobalSection
	GlobalSection(ExtensibilityGlobals) = postSolution
		SolutionGuid = {4D10DD36-35C8-4C0D-82D0-AC0979FB3A23}
	EndGlobalSection
EndGlobal
