
Microsoft Visual Studio Solution File, Format Version 12.00
# Visual Studio Version 17
VisualStudioVersion = 17.2.32630.192
MinimumVisualStudioVersion = 10.0.40219.1
Project("{FAE04EC0-301F-11D3-BF4B-00C04F79EFBC}") = "prac Q9 hsscroll bar 29Aug", "prac Q9 hsscroll bar 29Aug\prac Q9 hsscroll bar 29Aug.csproj", "{D9DA6EDB-27E7-4AC6-B6AF-E81E44201B54}"
EndProject
Global
	GlobalSection(SolutionConfigurationPlatforms) = preSolution
		Debug|Any CPU = Debug|Any CPU
		Release|Any CPU = Release|Any CPU
	EndGlobalSection
	GlobalSection(ProjectConfigurationPlatforms) = postSolution
		{D9DA6EDB-27E7-4AC6-B6AF-E81E44201B54}.Debug|Any CPU.ActiveCfg = Debug|Any CPU
		{D9DA6EDB-27E7-4AC6-B6AF-E81E44201B54}.Debug|Any CPU.Build.0 = Debug|Any CPU
		{D9DA6EDB-27E7-4AC6-B6AF-E81E44201B54}.Release|Any CPU.ActiveCfg = Release|Any CPU
		{D9DA6EDB-27E7-4AC6-B6AF-E81E44201B54}.Release|Any CPU.Build.0 = Release|Any CPU
	EndGlobalSection
	GlobalSection(SolutionProperties) = preSolution
		HideSolutionNode = FALSE
	EndGlobalSection
	GlobalSection(ExtensibilityGlobals) = postSolution
		SolutionGuid = {CBEEF15E-5E65-46E1-9DB6-45D97B488562}
	EndGlobalSection
EndGlobal
