
Microsoft Visual Studio Solution File, Format Version 12.00
# Visual Studio Version 17
VisualStudioVersion = 17.2.32630.192
MinimumVisualStudioVersion = 10.0.40219.1
Project("{FAE04EC0-301F-11D3-BF4B-00C04F79EFBC}") = "Ass Q2 loop 22Aug", "Ass Q2 loop 22Aug\Ass Q2 loop 22Aug.csproj", "{C2BED4DA-ABBC-4FD7-B9F2-5AD04F79D49B}"
EndProject
Global
	GlobalSection(SolutionConfigurationPlatforms) = preSolution
		Debug|Any CPU = Debug|Any CPU
		Release|Any CPU = Release|Any CPU
	EndGlobalSection
	GlobalSection(ProjectConfigurationPlatforms) = postSolution
		{C2BED4DA-ABBC-4FD7-B9F2-5AD04F79D49B}.Debug|Any CPU.ActiveCfg = Debug|Any CPU
		{C2BED4DA-ABBC-4FD7-B9F2-5AD04F79D49B}.Debug|Any CPU.Build.0 = Debug|Any CPU
		{C2BED4DA-ABBC-4FD7-B9F2-5AD04F79D49B}.Release|Any CPU.ActiveCfg = Release|Any CPU
		{C2BED4DA-ABBC-4FD7-B9F2-5AD04F79D49B}.Release|Any CPU.Build.0 = Release|Any CPU
	EndGlobalSection
	GlobalSection(SolutionProperties) = preSolution
		HideSolutionNode = FALSE
	EndGlobalSection
	GlobalSection(ExtensibilityGlobals) = postSolution
		SolutionGuid = {6BFAB02A-5F5F-4089-84A3-04F07D9B6203}
	EndGlobalSection
EndGlobal
