
Microsoft Visual Studio Solution File, Format Version 12.00
# Visual Studio Version 17
VisualStudioVersion = 17.2.32630.192
MinimumVisualStudioVersion = 10.0.40219.1
Project("{FAE04EC0-301F-11D3-BF4B-00C04F79EFBC}") = "prac Q6 hra,bonus,TS 22Aug", "prac Q6 hra,bonus,TS 22Aug\prac Q6 hra,bonus,TS 22Aug.csproj", "{2A6E3B0F-1179-4F75-8F46-8DE60424D31B}"
EndProject
Global
	GlobalSection(SolutionConfigurationPlatforms) = preSolution
		Debug|Any CPU = Debug|Any CPU
		Release|Any CPU = Release|Any CPU
	EndGlobalSection
	GlobalSection(ProjectConfigurationPlatforms) = postSolution
		{2A6E3B0F-1179-4F75-8F46-8DE60424D31B}.Debug|Any CPU.ActiveCfg = Debug|Any CPU
		{2A6E3B0F-1179-4F75-8F46-8DE60424D31B}.Debug|Any CPU.Build.0 = Debug|Any CPU
		{2A6E3B0F-1179-4F75-8F46-8DE60424D31B}.Release|Any CPU.ActiveCfg = Release|Any CPU
		{2A6E3B0F-1179-4F75-8F46-8DE60424D31B}.Release|Any CPU.Build.0 = Release|Any CPU
	EndGlobalSection
	GlobalSection(SolutionProperties) = preSolution
		HideSolutionNode = FALSE
	EndGlobalSection
	GlobalSection(ExtensibilityGlobals) = postSolution
		SolutionGuid = {FA3224D2-75FC-448D-AA53-C591A2387DE6}
	EndGlobalSection
EndGlobal
