
Microsoft Visual Studio Solution File, Format Version 12.00
# Visual Studio Version 17
VisualStudioVersion = 17.2.32630.192
MinimumVisualStudioVersion = 10.0.40219.1
Project("{FAE04EC0-301F-11D3-BF4B-00C04F79EFBC}") = "prac Q3 ComboBox 22Aug", "prac Q3 ComboBox 22Aug\prac Q3 ComboBox 22Aug.csproj", "{C66E5DA6-4B26-4565-B78C-4B4A717D4076}"
EndProject
Global
	GlobalSection(SolutionConfigurationPlatforms) = preSolution
		Debug|Any CPU = Debug|Any CPU
		Release|Any CPU = Release|Any CPU
	EndGlobalSection
	GlobalSection(ProjectConfigurationPlatforms) = postSolution
		{C66E5DA6-4B26-4565-B78C-4B4A717D4076}.Debug|Any CPU.ActiveCfg = Debug|Any CPU
		{C66E5DA6-4B26-4565-B78C-4B4A717D4076}.Debug|Any CPU.Build.0 = Debug|Any CPU
		{C66E5DA6-4B26-4565-B78C-4B4A717D4076}.Release|Any CPU.ActiveCfg = Release|Any CPU
		{C66E5DA6-4B26-4565-B78C-4B4A717D4076}.Release|Any CPU.Build.0 = Release|Any CPU
	EndGlobalSection
	GlobalSection(SolutionProperties) = preSolution
		HideSolutionNode = FALSE
	EndGlobalSection
	GlobalSection(ExtensibilityGlobals) = postSolution
		SolutionGuid = {32FB23F6-4857-41B6-846A-EC4F8F79F124}
	EndGlobalSection
EndGlobal
