
Microsoft Visual Studio Solution File, Format Version 12.00
# Visual Studio Version 17
VisualStudioVersion = 17.2.32630.192
MinimumVisualStudioVersion = 10.0.40219.1
Project("{FAE04EC0-301F-11D3-BF4B-00C04F79EFBC}") = "prac Q7 for loop 22Aug", "prac Q7 for loop 22Aug\prac Q7 for loop 22Aug.csproj", "{F56602CE-5C2E-43CD-B1F8-A8420C06B00B}"
EndProject
Global
	GlobalSection(SolutionConfigurationPlatforms) = preSolution
		Debug|Any CPU = Debug|Any CPU
		Release|Any CPU = Release|Any CPU
	EndGlobalSection
	GlobalSection(ProjectConfigurationPlatforms) = postSolution
		{F56602CE-5C2E-43CD-B1F8-A8420C06B00B}.Debug|Any CPU.ActiveCfg = Debug|Any CPU
		{F56602CE-5C2E-43CD-B1F8-A8420C06B00B}.Debug|Any CPU.Build.0 = Debug|Any CPU
		{F56602CE-5C2E-43CD-B1F8-A8420C06B00B}.Release|Any CPU.ActiveCfg = Release|Any CPU
		{F56602CE-5C2E-43CD-B1F8-A8420C06B00B}.Release|Any CPU.Build.0 = Release|Any CPU
	EndGlobalSection
	GlobalSection(SolutionProperties) = preSolution
		HideSolutionNode = FALSE
	EndGlobalSection
	GlobalSection(ExtensibilityGlobals) = postSolution
		SolutionGuid = {5E8ECD5C-5BC1-4216-83B6-48F1D1917B8B}
	EndGlobalSection
EndGlobal
