
Microsoft Visual Studio Solution File, Format Version 12.00
# Visual Studio Version 17
VisualStudioVersion = 17.2.32630.192
MinimumVisualStudioVersion = 10.0.40219.1
Project("{FAE04EC0-301F-11D3-BF4B-00C04F79EFBC}") = "prac Q12 trackbar and label control 29Aug", "prac Q12 trackbar and label control 29Aug\prac Q12 trackbar and label control 29Aug.csproj", "{A51DEFC5-3231-48AE-98D2-72BFA8A209F6}"
EndProject
Global
	GlobalSection(SolutionConfigurationPlatforms) = preSolution
		Debug|Any CPU = Debug|Any CPU
		Release|Any CPU = Release|Any CPU
	EndGlobalSection
	GlobalSection(ProjectConfigurationPlatforms) = postSolution
		{A51DEFC5-3231-48AE-98D2-72BFA8A209F6}.Debug|Any CPU.ActiveCfg = Debug|Any CPU
		{A51DEFC5-3231-48AE-98D2-72BFA8A209F6}.Debug|Any CPU.Build.0 = Debug|Any CPU
		{A51DEFC5-3231-48AE-98D2-72BFA8A209F6}.Release|Any CPU.ActiveCfg = Release|Any CPU
		{A51DEFC5-3231-48AE-98D2-72BFA8A209F6}.Release|Any CPU.Build.0 = Release|Any CPU
	EndGlobalSection
	GlobalSection(SolutionProperties) = preSolution
		HideSolutionNode = FALSE
	EndGlobalSection
	GlobalSection(ExtensibilityGlobals) = postSolution
		SolutionGuid = {ECE291BA-027F-43A6-9E13-6A03E188CF0E}
	EndGlobalSection
EndGlobal
