
Microsoft Visual Studio Solution File, Format Version 12.00
# Visual Studio Version 17
VisualStudioVersion = 17.2.32630.192
MinimumVisualStudioVersion = 10.0.40219.1
Project("{FAE04EC0-301F-11D3-BF4B-00C04F79EFBC}") = "prac Q1 Add Student Class 25Aug", "prac Q1 Add Student Class 25Aug\prac Q1 Add Student Class 25Aug.csproj", "{89982756-0265-4208-88AE-BC2B19C26A61}"
EndProject
Global
	GlobalSection(SolutionConfigurationPlatforms) = preSolution
		Debug|Any CPU = Debug|Any CPU
		Release|Any CPU = Release|Any CPU
	EndGlobalSection
	GlobalSection(ProjectConfigurationPlatforms) = postSolution
		{89982756-0265-4208-88AE-BC2B19C26A61}.Debug|Any CPU.ActiveCfg = Debug|Any CPU
		{89982756-0265-4208-88AE-BC2B19C26A61}.Debug|Any CPU.Build.0 = Debug|Any CPU
		{89982756-0265-4208-88AE-BC2B19C26A61}.Release|Any CPU.ActiveCfg = Release|Any CPU
		{89982756-0265-4208-88AE-BC2B19C26A61}.Release|Any CPU.Build.0 = Release|Any CPU
	EndGlobalSection
	GlobalSection(SolutionProperties) = preSolution
		HideSolutionNode = FALSE
	EndGlobalSection
	GlobalSection(ExtensibilityGlobals) = postSolution
		SolutionGuid = {1EEAAD45-93A7-46BB-B5F4-EE8FB6AF2A75}
	EndGlobalSection
EndGlobal
