
Microsoft Visual Studio Solution File, Format Version 12.00
# Visual Studio Version 17
VisualStudioVersion = 17.2.32630.192
MinimumVisualStudioVersion = 10.0.40219.1
Project("{FAE04EC0-301F-11D3-BF4B-00C04F79EFBC}") = "prac Q2 while loop 22Aug", "prac Q2 while loop 22Aug\prac Q2 while loop 22Aug.csproj", "{ABD350E7-0B2B-491E-A8D3-1A5EA93B967D}"
EndProject
Global
	GlobalSection(SolutionConfigurationPlatforms) = preSolution
		Debug|Any CPU = Debug|Any CPU
		Release|Any CPU = Release|Any CPU
	EndGlobalSection
	GlobalSection(ProjectConfigurationPlatforms) = postSolution
		{ABD350E7-0B2B-491E-A8D3-1A5EA93B967D}.Debug|Any CPU.ActiveCfg = Debug|Any CPU
		{ABD350E7-0B2B-491E-A8D3-1A5EA93B967D}.Debug|Any CPU.Build.0 = Debug|Any CPU
		{ABD350E7-0B2B-491E-A8D3-1A5EA93B967D}.Release|Any CPU.ActiveCfg = Release|Any CPU
		{ABD350E7-0B2B-491E-A8D3-1A5EA93B967D}.Release|Any CPU.Build.0 = Release|Any CPU
	EndGlobalSection
	GlobalSection(SolutionProperties) = preSolution
		HideSolutionNode = FALSE
	EndGlobalSection
	GlobalSection(ExtensibilityGlobals) = postSolution
		SolutionGuid = {2E6EE196-CA0F-4039-9A04-3168D0CE29EE}
	EndGlobalSection
EndGlobal
