
Microsoft Visual Studio Solution File, Format Version 12.00
# Visual Studio Version 17
VisualStudioVersion = 17.2.32630.192
MinimumVisualStudioVersion = 10.0.40219.1
Project("{FAE04EC0-301F-11D3-BF4B-00C04F79EFBC}") = "prac Q6 do while loop 22Aug", "prac Q6 do while loop 22Aug\prac Q6 do while loop 22Aug.csproj", "{1C6D2D70-7597-45B1-AD1E-AE9730AB2EB0}"
EndProject
Global
	GlobalSection(SolutionConfigurationPlatforms) = preSolution
		Debug|Any CPU = Debug|Any CPU
		Release|Any CPU = Release|Any CPU
	EndGlobalSection
	GlobalSection(ProjectConfigurationPlatforms) = postSolution
		{1C6D2D70-7597-45B1-AD1E-AE9730AB2EB0}.Debug|Any CPU.ActiveCfg = Debug|Any CPU
		{1C6D2D70-7597-45B1-AD1E-AE9730AB2EB0}.Debug|Any CPU.Build.0 = Debug|Any CPU
		{1C6D2D70-7597-45B1-AD1E-AE9730AB2EB0}.Release|Any CPU.ActiveCfg = Release|Any CPU
		{1C6D2D70-7597-45B1-AD1E-AE9730AB2EB0}.Release|Any CPU.Build.0 = Release|Any CPU
	EndGlobalSection
	GlobalSection(SolutionProperties) = preSolution
		HideSolutionNode = FALSE
	EndGlobalSection
	GlobalSection(ExtensibilityGlobals) = postSolution
		SolutionGuid = {E9BF5E99-3B9C-4750-ADE7-1A0C2507ED50}
	EndGlobalSection
EndGlobal
