
Microsoft Visual Studio Solution File, Format Version 12.00
# Visual Studio Version 17
VisualStudioVersion = 17.2.32630.192
MinimumVisualStudioVersion = 10.0.40219.1
Project("{FAE04EC0-301F-11D3-BF4B-00C04F79EFBC}") = "prac Q2 CheckBox 22Aug", "prac Q2 CheckBox 22Aug\prac Q2 CheckBox 22Aug.csproj", "{3DD57C0C-E681-42B3-84F9-0DABFF18E2F6}"
EndProject
Global
	GlobalSection(SolutionConfigurationPlatforms) = preSolution
		Debug|Any CPU = Debug|Any CPU
		Release|Any CPU = Release|Any CPU
	EndGlobalSection
	GlobalSection(ProjectConfigurationPlatforms) = postSolution
		{3DD57C0C-E681-42B3-84F9-0DABFF18E2F6}.Debug|Any CPU.ActiveCfg = Debug|Any CPU
		{3DD57C0C-E681-42B3-84F9-0DABFF18E2F6}.Debug|Any CPU.Build.0 = Debug|Any CPU
		{3DD57C0C-E681-42B3-84F9-0DABFF18E2F6}.Release|Any CPU.ActiveCfg = Release|Any CPU
		{3DD57C0C-E681-42B3-84F9-0DABFF18E2F6}.Release|Any CPU.Build.0 = Release|Any CPU
	EndGlobalSection
	GlobalSection(SolutionProperties) = preSolution
		HideSolutionNode = FALSE
	EndGlobalSection
	GlobalSection(ExtensibilityGlobals) = postSolution
		SolutionGuid = {BDFEB74D-DC83-4E8B-88AB-C8628A6192E5}
	EndGlobalSection
EndGlobal
